
Microsoft Visual Studio Solution File, Format Version 12.00
# Visual Studio Version 16
VisualStudioVersion = 16.0.30907.101
MinimumVisualStudioVersion = 10.0.40219.1
Project("{FAE04EC0-301F-11D3-BF4B-00C04F79EFBC}") = "act_02_03_2021", "act_02_03_2021\act_02_03_2021.csproj", "{388FDCF9-F643-4EE3-A49F-A8C049C0F97A}"
EndProject
Global
	GlobalSection(SolutionConfigurationPlatforms) = preSolution
		Debug|Any CPU = Debug|Any CPU
		Release|Any CPU = Release|Any CPU
	EndGlobalSection
	GlobalSection(ProjectConfigurationPlatforms) = postSolution
		{388FDCF9-F643-4EE3-A49F-A8C049C0F97A}.Debug|Any CPU.ActiveCfg = Debug|Any CPU
		{388FDCF9-F643-4EE3-A49F-A8C049C0F97A}.Debug|Any CPU.Build.0 = Debug|Any CPU
		{388FDCF9-F643-4EE3-A49F-A8C049C0F97A}.Release|Any CPU.ActiveCfg = Release|Any CPU
		{388FDCF9-F643-4EE3-A49F-A8C049C0F97A}.Release|Any CPU.Build.0 = Release|Any CPU
	EndGlobalSection
	GlobalSection(SolutionProperties) = preSolution
		HideSolutionNode = FALSE
	EndGlobalSection
	GlobalSection(ExtensibilityGlobals) = postSolution
		SolutionGuid = {28A7F9F0-4ED8-4FFD-A68B-958F5C5CDB47}
	EndGlobalSection
EndGlobal
